
Microsoft Visual Studio Solution File, Format Version 12.00
# Visual Studio Version 17
VisualStudioVersion = 17.1.32421.90
MinimumVisualStudioVersion = 10.0.40219.1
Project("{FAE04EC0-301F-11D3-BF4B-00C04F79EFBC}") = "PolitalksService", "PolitalksService\PolitalksService.csproj", "{1F19B4C4-F28A-4988-9BD1-E2BE2C0900AE}"
EndProject
Global
	GlobalSection(SolutionConfigurationPlatforms) = preSolution
		Debug|Any CPU = Debug|Any CPU
		Release|Any CPU = Release|Any CPU
	EndGlobalSection
	GlobalSection(ProjectConfigurationPlatforms) = postSolution
		{1F19B4C4-F28A-4988-9BD1-E2BE2C0900AE}.Debug|Any CPU.ActiveCfg = Debug|Any CPU
		{1F19B4C4-F28A-4988-9BD1-E2BE2C0900AE}.Debug|Any CPU.Build.0 = Debug|Any CPU
		{1F19B4C4-F28A-4988-9BD1-E2BE2C0900AE}.Release|Any CPU.ActiveCfg = Release|Any CPU
		{1F19B4C4-F28A-4988-9BD1-E2BE2C0900AE}.Release|Any CPU.Build.0 = Release|Any CPU
	EndGlobalSection
	GlobalSection(SolutionProperties) = preSolution
		HideSolutionNode = FALSE
	EndGlobalSection
	GlobalSection(ExtensibilityGlobals) = postSolution
		SolutionGuid = {CAED3599-57C7-4D7D-A490-9EDACBF8751C}
	EndGlobalSection
EndGlobal
